// !$*UTF8*$!
{
	archiveVersion = 1;
	classes = {
	};
	objectVersion = 51;
	objects = {

/* Begin PBXBuildFile section */
		59135EDD255A4BD800B96DD7 /* delete.png in Resources */ = {isa = PBXBuildFile; fileRef = 59135EDC255A4BD800B96DD7 /* delete.png */; };
		59135EE0255A546900B96DD7 /* SwipeTableViewController.swift in Sources */ = {isa = PBXBuildFile; fileRef = 59135EDF255A546900B96DD7 /* SwipeTableViewController.swift */; };
		59135F1E255B335000B96DD7 /* CategoryTableViewCell.swift in Sources */ = {isa = PBXBuildFile; fileRef = 59135F1C255B335000B96DD7 /* CategoryTableViewCell.swift */; };
		59135F1F255B335000B96DD7 /* CategoryTableViewCell.xib in Resources */ = {isa = PBXBuildFile; fileRef = 59135F1D255B335000B96DD7 /* CategoryTableViewCell.xib */; };
		594B4A2725544FB8008BD9F9 /* AppDelegate.swift in Sources */ = {isa = PBXBuildFile; fileRef = 594B4A2625544FB8008BD9F9 /* AppDelegate.swift */; };
		594B4A2925544FB8008BD9F9 /* SceneDelegate.swift in Sources */ = {isa = PBXBuildFile; fileRef = 594B4A2825544FB8008BD9F9 /* SceneDelegate.swift */; };
		594B4A3025544FBC008BD9F9 /* Assets.xcassets in Resources */ = {isa = PBXBuildFile; fileRef = 594B4A2F25544FBC008BD9F9 /* Assets.xcassets */; };
		594B4A3325544FBC008BD9F9 /* LaunchScreen.storyboard in Resources */ = {isa = PBXBuildFile; fileRef = 594B4A3125544FBC008BD9F9 /* LaunchScreen.storyboard */; };
		594D7402255CF69E00CA4E2B /* money.jpg in Resources */ = {isa = PBXBuildFile; fileRef = 594D7401255CF69E00CA4E2B /* money.jpg */; };
		594D7405255D041E00CA4E2B /* book-1.jpg in Resources */ = {isa = PBXBuildFile; fileRef = 594D7404255D041E00CA4E2B /* book-1.jpg */; };
		594D7408255D075000CA4E2B /* neat-1.jpg in Resources */ = {isa = PBXBuildFile; fileRef = 594D7407255D075000CA4E2B /* neat-1.jpg */; };
		594D740C255D858600CA4E2B /* ItemCell.swift in Sources */ = {isa = PBXBuildFile; fileRef = 594D740A255D858600CA4E2B /* ItemCell.swift */; };
		594D740D255D858600CA4E2B /* ItemCell.xib in Resources */ = {isa = PBXBuildFile; fileRef = 594D740B255D858600CA4E2B /* ItemCell.xib */; };
		5977E1432563B20300992209 /* selectCategoryViewController.swift in Sources */ = {isa = PBXBuildFile; fileRef = 5977E1422563B20300992209 /* selectCategoryViewController.swift */; };
		5977E1492563BE3700992209 /* CustomCollectionViewCell.swift in Sources */ = {isa = PBXBuildFile; fileRef = 5977E1482563BE3700992209 /* CustomCollectionViewCell.swift */; };
		59E1009A255F19ED00C41803 /* hamburger.png in Resources */ = {isa = PBXBuildFile; fileRef = 59E10099255F19ED00C41803 /* hamburger.png */; };
		59F938142556F99E007DADF5 /* ContactsTableViewController.swift in Sources */ = {isa = PBXBuildFile; fileRef = 59F938122556F99E007DADF5 /* ContactsTableViewController.swift */; };
		59F938152556F99E007DADF5 /* ContactsTableViewController.xib in Resources */ = {isa = PBXBuildFile; fileRef = 59F938132556F99E007DADF5 /* ContactsTableViewController.xib */; };
		59F9381C25572DAB007DADF5 /* Main.storyboard in Resources */ = {isa = PBXBuildFile; fileRef = 59F9381B25572DAB007DADF5 /* Main.storyboard */; };
		59F9381F25572E28007DADF5 /* ItemViewController.swift in Sources */ = {isa = PBXBuildFile; fileRef = 59F9381E25572E28007DADF5 /* ItemViewController.swift */; };
		59F9382D255779E6007DADF5 /* DataModel.xcdatamodeld in Sources */ = {isa = PBXBuildFile; fileRef = 59F9382B255779E5007DADF5 /* DataModel.xcdatamodeld */; };
		59F938552558D1F6007DADF5 /* CategoryTableViewController.swift in Sources */ = {isa = PBXBuildFile; fileRef = 59F938542558D1F5007DADF5 /* CategoryTableViewController.swift */; };
		7B9DDC4496DC00E57213D841 /* Pods_To_Do.framework in Frameworks */ = {isa = PBXBuildFile; fileRef = 6D9D9DD24DBC80951A1CBEB3 /* Pods_To_Do.framework */; };
/* End PBXBuildFile section */

/* Begin PBXFileReference section */
		59135EDC255A4BD800B96DD7 /* delete.png */ = {isa = PBXFileReference; lastKnownFileType = image.png; path = delete.png; sourceTree = "<group>"; };
		59135EDF255A546900B96DD7 /* SwipeTableViewController.swift */ = {isa = PBXFileReference; lastKnownFileType = sourcecode.swift; path = SwipeTableViewController.swift; sourceTree = "<group>"; };
		59135F1C255B335000B96DD7 /* CategoryTableViewCell.swift */ = {isa = PBXFileReference; lastKnownFileType = sourcecode.swift; path = CategoryTableViewCell.swift; sourceTree = "<group>"; };
		59135F1D255B335000B96DD7 /* CategoryTableViewCell.xib */ = {isa = PBXFileReference; lastKnownFileType = file.xib; path = CategoryTableViewCell.xib; sourceTree = "<group>"; };
		594B4A2325544FB8008BD9F9 /* To-Do.app */ = {isa = PBXFileReference; explicitFileType = wrapper.application; includeInIndex = 0; path = "To-Do.app"; sourceTree = BUILT_PRODUCTS_DIR; };
		594B4A2625544FB8008BD9F9 /* AppDelegate.swift */ = {isa = PBXFileReference; lastKnownFileType = sourcecode.swift; path = AppDelegate.swift; sourceTree = "<group>"; };
		594B4A2825544FB8008BD9F9 /* SceneDelegate.swift */ = {isa = PBXFileReference; lastKnownFileType = sourcecode.swift; path = SceneDelegate.swift; sourceTree = "<group>"; };
		594B4A2F25544FBC008BD9F9 /* Assets.xcassets */ = {isa = PBXFileReference; lastKnownFileType = folder.assetcatalog; path = Assets.xcassets; sourceTree = "<group>"; };
		594B4A3225544FBC008BD9F9 /* Base */ = {isa = PBXFileReference; lastKnownFileType = file.storyboard; name = Base; path = Base.lproj/LaunchScreen.storyboard; sourceTree = "<group>"; };
		594B4A3425544FBC008BD9F9 /* Info.plist */ = {isa = PBXFileReference; lastKnownFileType = text.plist.xml; path = Info.plist; sourceTree = "<group>"; };
		594D7401255CF69E00CA4E2B /* money.jpg */ = {isa = PBXFileReference; lastKnownFileType = image.jpeg; path = money.jpg; sourceTree = "<group>"; };
		594D7404255D041E00CA4E2B /* book-1.jpg */ = {isa = PBXFileReference; lastKnownFileType = image.jpeg; path = "book-1.jpg"; sourceTree = "<group>"; };
		594D7407255D075000CA4E2B /* neat-1.jpg */ = {isa = PBXFileReference; lastKnownFileType = image.jpeg; path = "neat-1.jpg"; sourceTree = "<group>"; };
		594D740A255D858600CA4E2B /* ItemCell.swift */ = {isa = PBXFileReference; lastKnownFileType = sourcecode.swift; path = ItemCell.swift; sourceTree = "<group>"; };
		594D740B255D858600CA4E2B /* ItemCell.xib */ = {isa = PBXFileReference; lastKnownFileType = file.xib; path = ItemCell.xib; sourceTree = "<group>"; };
		5977E1422563B20300992209 /* selectCategoryViewController.swift */ = {isa = PBXFileReference; lastKnownFileType = sourcecode.swift; path = selectCategoryViewController.swift; sourceTree = "<group>"; };
		5977E1482563BE3700992209 /* CustomCollectionViewCell.swift */ = {isa = PBXFileReference; lastKnownFileType = sourcecode.swift; path = CustomCollectionViewCell.swift; sourceTree = "<group>"; };
		59E10099255F19ED00C41803 /* hamburger.png */ = {isa = PBXFileReference; lastKnownFileType = image.png; path = hamburger.png; sourceTree = "<group>"; };
		59F938122556F99E007DADF5 /* ContactsTableViewController.swift */ = {isa = PBXFileReference; lastKnownFileType = sourcecode.swift; path = ContactsTableViewController.swift; sourceTree = "<group>"; };
		59F938132556F99E007DADF5 /* ContactsTableViewController.xib */ = {isa = PBXFileReference; lastKnownFileType = file.xib; path = ContactsTableViewController.xib; sourceTree = "<group>"; };
		59F9381B25572DAB007DADF5 /* Main.storyboard */ = {isa = PBXFileReference; lastKnownFileType = file.storyboard; path = Main.storyboard; sourceTree = "<group>"; };
		59F9381E25572E28007DADF5 /* ItemViewController.swift */ = {isa = PBXFileReference; lastKnownFileType = sourcecode.swift; path = ItemViewController.swift; sourceTree = "<group>"; };
		59F9382C255779E5007DADF5 /* Items.xcdatamodel */ = {isa = PBXFileReference; lastKnownFileType = wrapper.xcdatamodel; path = Items.xcdatamodel; sourceTree = "<group>"; };
		59F938542558D1F5007DADF5 /* CategoryTableViewController.swift */ = {isa = PBXFileReference; lastKnownFileType = sourcecode.swift; path = CategoryTableViewController.swift; sourceTree = "<group>"; };
		6D9D9DD24DBC80951A1CBEB3 /* Pods_To_Do.framework */ = {isa = PBXFileReference; explicitFileType = wrapper.framework; includeInIndex = 0; path = Pods_To_Do.framework; sourceTree = BUILT_PRODUCTS_DIR; };
		6FEE420514297E74090C5269 /* Pods-To-Do.debug.xcconfig */ = {isa = PBXFileReference; includeInIndex = 1; lastKnownFileType = text.xcconfig; name = "Pods-To-Do.debug.xcconfig"; path = "Target Support Files/Pods-To-Do/Pods-To-Do.debug.xcconfig"; sourceTree = "<group>"; };
		D127183C8C2B9869DC6EB430 /* Pods-To-Do.release.xcconfig */ = {isa = PBXFileReference; includeInIndex = 1; lastKnownFileType = text.xcconfig; name = "Pods-To-Do.release.xcconfig"; path = "Target Support Files/Pods-To-Do/Pods-To-Do.release.xcconfig"; sourceTree = "<group>"; };
/* End PBXFileReference section */

/* Begin PBXFrameworksBuildPhase section */
		594B4A2025544FB8008BD9F9 /* Frameworks */ = {
			isa = PBXFrameworksBuildPhase;
			buildActionMask = 2147483647;
			files = (
				7B9DDC4496DC00E57213D841 /* Pods_To_Do.framework in Frameworks */,
			);
			runOnlyForDeploymentPostprocessing = 0;
		};
/* End PBXFrameworksBuildPhase section */

/* Begin PBXGroup section */
		594B4A1A25544FB8008BD9F9 = {
			isa = PBXGroup;
			children = (
				594B4A2525544FB8008BD9F9 /* To-Do */,
				594B4A2425544FB8008BD9F9 /* Products */,
				83F0191437658D4B08C861DF /* Pods */,
				E9B91FCA9A53204A722A48F7 /* Frameworks */,
			);
			sourceTree = "<group>";
		};
		594B4A2425544FB8008BD9F9 /* Products */ = {
			isa = PBXGroup;
			children = (
				594B4A2325544FB8008BD9F9 /* To-Do.app */,
			);
			name = Products;
			sourceTree = "<group>";
		};
		594B4A2525544FB8008BD9F9 /* To-Do */ = {
			isa = PBXGroup;
			children = (
				59F93826255748BC007DADF5 /* Model */,
				59F93828255748EB007DADF5 /* View */,
				59F93827255748DD007DADF5 /* Controller */,
				59F9382925574925007DADF5 /* Supporting Files */,
				594B4A3425544FBC008BD9F9 /* Info.plist */,
				594D7401255CF69E00CA4E2B /* money.jpg */,
				594D7404255D041E00CA4E2B /* book-1.jpg */,
				59E10099255F19ED00C41803 /* hamburger.png */,
				594D7407255D075000CA4E2B /* neat-1.jpg */,
				59135EDC255A4BD800B96DD7 /* delete.png */,
			);
			path = "To-Do";
			sourceTree = "<group>";
		};
		59F93826255748BC007DADF5 /* Model */ = {
			isa = PBXGroup;
			children = (
				59F9382B255779E5007DADF5 /* DataModel.xcdatamodeld */,
			);
			path = Model;
			sourceTree = "<group>";
		};
		59F93827255748DD007DADF5 /* Controller */ = {
			isa = PBXGroup;
			children = (
				594B4A2625544FB8008BD9F9 /* AppDelegate.swift */,
				594B4A2825544FB8008BD9F9 /* SceneDelegate.swift */,
				59135EDF255A546900B96DD7 /* SwipeTableViewController.swift */,
				59F938542558D1F5007DADF5 /* CategoryTableViewController.swift */,
				59F9381E25572E28007DADF5 /* ItemViewController.swift */,
				5977E1422563B20300992209 /* selectCategoryViewController.swift */,
				5977E1482563BE3700992209 /* CustomCollectionViewCell.swift */,
			);
			path = Controller;
			sourceTree = "<group>";
		};
		59F93828255748EB007DADF5 /* View */ = {
			isa = PBXGroup;
			children = (
				594B4A2F25544FBC008BD9F9 /* Assets.xcassets */,
				59F9381B25572DAB007DADF5 /* Main.storyboard */,
				594B4A3125544FBC008BD9F9 /* LaunchScreen.storyboard */,
				59135F1C255B335000B96DD7 /* CategoryTableViewCell.swift */,
				59135F1D255B335000B96DD7 /* CategoryTableViewCell.xib */,
				594D740A255D858600CA4E2B /* ItemCell.swift */,
				594D740B255D858600CA4E2B /* ItemCell.xib */,
			);
			path = View;
			sourceTree = "<group>";
		};
		59F9382925574925007DADF5 /* Supporting Files */ = {
			isa = PBXGroup;
			children = (
				59F938122556F99E007DADF5 /* ContactsTableViewController.swift */,
				59F938132556F99E007DADF5 /* ContactsTableViewController.xib */,
			);
			path = "Supporting Files";
			sourceTree = "<group>";
		};
		83F0191437658D4B08C861DF /* Pods */ = {
			isa = PBXGroup;
			children = (
				6FEE420514297E74090C5269 /* Pods-To-Do.debug.xcconfig */,
				D127183C8C2B9869DC6EB430 /* Pods-To-Do.release.xcconfig */,
			);
			path = Pods;
			sourceTree = "<group>";
		};
		E9B91FCA9A53204A722A48F7 /* Frameworks */ = {
			isa = PBXGroup;
			children = (
				6D9D9DD24DBC80951A1CBEB3 /* Pods_To_Do.framework */,
			);
			name = Frameworks;
			sourceTree = "<group>";
		};
/* End PBXGroup section */

/* Begin PBXNativeTarget section */
		594B4A2225544FB8008BD9F9 /* To-Do */ = {
			isa = PBXNativeTarget;
			buildConfigurationList = 594B4A3725544FBC008BD9F9 /* Build configuration list for PBXNativeTarget "To-Do" */;
			buildPhases = (
				D18A4F2691BD4E222B72CFD9 /* [CP] Check Pods Manifest.lock */,
				594B4A1F25544FB8008BD9F9 /* Sources */,
				594B4A2025544FB8008BD9F9 /* Frameworks */,
				594B4A2125544FB8008BD9F9 /* Resources */,
				29F41ACD7F58F63FD3DB684D /* [CP] Embed Pods Frameworks */,
			);
			buildRules = (
			);
			dependencies = (
			);
			name = "To-Do";
			productName = "To-Do";
			productReference = 594B4A2325544FB8008BD9F9 /* To-Do.app */;
			productType = "com.apple.product-type.application";
		};
/* End PBXNativeTarget section */

/* Begin PBXProject section */
		594B4A1B25544FB8008BD9F9 /* Project object */ = {
			isa = PBXProject;
			attributes = {
				LastSwiftUpdateCheck = 1210;
				LastUpgradeCheck = 1210;
				TargetAttributes = {
					594B4A2225544FB8008BD9F9 = {
						CreatedOnToolsVersion = 12.1;
					};
				};
			};
			buildConfigurationList = 594B4A1E25544FB8008BD9F9 /* Build configuration list for PBXProject "To-Do" */;
			compatibilityVersion = "Xcode 9.3";
			developmentRegion = en;
			hasScannedForEncodings = 0;
			knownRegions = (
				en,
				Base,
			);
			mainGroup = 594B4A1A25544FB8008BD9F9;
			productRefGroup = 594B4A2425544FB8008BD9F9 /* Products */;
			projectDirPath = "";
			projectRoot = "";
			targets = (
				594B4A2225544FB8008BD9F9 /* To-Do */,
			);
		};
/* End PBXProject section */

/* Begin PBXResourcesBuildPhase section */
		594B4A2125544FB8008BD9F9 /* Resources */ = {
			isa = PBXResourcesBuildPhase;
			buildActionMask = 2147483647;
			files = (
				594B4A3325544FBC008BD9F9 /* LaunchScreen.storyboard in Resources */,
				594D7402255CF69E00CA4E2B /* money.jpg in Resources */,
				594D740D255D858600CA4E2B /* ItemCell.xib in Resources */,
				594B4A3025544FBC008BD9F9 /* Assets.xcassets in Resources */,
				59E1009A255F19ED00C41803 /* hamburger.png in Resources */,
				59F938152556F99E007DADF5 /* ContactsTableViewController.xib in Resources */,
				59135F1F255B335000B96DD7 /* CategoryTableViewCell.xib in Resources */,
				59135EDD255A4BD800B96DD7 /* delete.png in Resources */,
				594D7408255D075000CA4E2B /* neat-1.jpg in Resources */,
				59F9381C25572DAB007DADF5 /* Main.storyboard in Resources */,
				594D7405255D041E00CA4E2B /* book-1.jpg in Resources */,
			);
			runOnlyForDeploymentPostprocessing = 0;
		};
/* End PBXResourcesBuildPhase section */

/* Begin PBXShellScriptBuildPhase section */
		29F41ACD7F58F63FD3DB684D /* [CP] Embed Pods Frameworks */ = {
			isa = PBXShellScriptBuildPhase;
			buildActionMask = 2147483647;
			files = (
			);
			inputFileListPaths = (
				"${PODS_ROOT}/Target Support Files/Pods-To-Do/Pods-To-Do-frameworks-${CONFIGURATION}-input-files.xcfilelist",
			);
			name = "[CP] Embed Pods Frameworks";
			outputFileListPaths = (
				"${PODS_ROOT}/Target Support Files/Pods-To-Do/Pods-To-Do-frameworks-${CONFIGURATION}-output-files.xcfilelist",
			);
			runOnlyForDeploymentPostprocessing = 0;
			shellPath = /bin/sh;
			shellScript = "\"${PODS_ROOT}/Target Support Files/Pods-To-Do/Pods-To-Do-frameworks.sh\"\n";
			showEnvVarsInLog = 0;
		};
		D18A4F2691BD4E222B72CFD9 /* [CP] Check Pods Manifest.lock */ = {
			isa = PBXShellScriptBuildPhase;
			buildActionMask = 2147483647;
			files = (
			);
			inputFileListPaths = (
			);
			inputPaths = (
				"${PODS_PODFILE_DIR_PATH}/Podfile.lock",
				"${PODS_ROOT}/Manifest.lock",
			);
			name = "[CP] Check Pods Manifest.lock";
			outputFileListPaths = (
			);
			outputPaths = (
				"$(DERIVED_FILE_DIR)/Pods-To-Do-checkManifestLockResult.txt",
			);
			runOnlyForDeploymentPostprocessing = 0;
			shellPath = /bin/sh;
			shellScript = "diff \"${PODS_PODFILE_DIR_PATH}/Podfile.lock\" \"${PODS_ROOT}/Manifest.lock\" > /dev/null\nif [ $? != 0 ] ; then\n    # print error to STDERR\n    echo \"error: The sandbox is not in sync with the Podfile.lock. Run 'pod install' or update your CocoaPods installation.\" >&2\n    exit 1\nfi\n# This output is used by Xcode 'outputs' to avoid re-running this script phase.\necho \"SUCCESS\" > \"${SCRIPT_OUTPUT_FILE_0}\"\n";
			showEnvVarsInLog = 0;
		};
/* End PBXShellScriptBuildPhase section */

/* Begin PBXSourcesBuildPhase section */
		594B4A1F25544FB8008BD9F9 /* Sources */ = {
			isa = PBXSourcesBuildPhase;
			buildActionMask = 2147483647;
			files = (
				59F9382D255779E6007DADF5 /* DataModel.xcdatamodeld in Sources */,
				59F938142556F99E007DADF5 /* ContactsTableViewController.swift in Sources */,
				594D740C255D858600CA4E2B /* ItemCell.swift in Sources */,
				594B4A2725544FB8008BD9F9 /* AppDelegate.swift in Sources */,
				5977E1432563B20300992209 /* selectCategoryViewController.swift in Sources */,
				59135EE0255A546900B96DD7 /* SwipeTableViewController.swift in Sources */,
				59F9381F25572E28007DADF5 /* ItemViewController.swift in Sources */,
				594B4A2925544FB8008BD9F9 /* SceneDelegate.swift in Sources */,
				59F938552558D1F6007DADF5 /* CategoryTableViewController.swift in Sources */,
				59135F1E255B335000B96DD7 /* CategoryTableViewCell.swift in Sources */,
				5977E1492563BE3700992209 /* CustomCollectionViewCell.swift in Sources */,
			);
			runOnlyForDeploymentPostprocessing = 0;
		};
/* End PBXSourcesBuildPhase section */

/* Begin PBXVariantGroup section */
		594B4A3125544FBC008BD9F9 /* LaunchScreen.storyboard */ = {
			isa = PBXVariantGroup;
			children = (
				594B4A3225544FBC008BD9F9 /* Base */,
			);
			name = LaunchScreen.storyboard;
			sourceTree = "<group>";
		};
/* End PBXVariantGroup section */

/* Begin XCBuildConfiguration section */
		594B4A3525544FBC008BD9F9 /* Debug */ = {
			isa = XCBuildConfiguration;
			buildSettings = {
				ALWAYS_SEARCH_USER_PATHS = NO;
				CLANG_ANALYZER_NONNULL = YES;
				CLANG_ANALYZER_NUMBER_OBJECT_CONVERSION = YES_AGGRESSIVE;
				CLANG_CXX_LANGUAGE_STANDARD = "gnu++14";
				CLANG_CXX_LIBRARY = "libc++";
				CLANG_ENABLE_MODULES = YES;
				CLANG_ENABLE_OBJC_ARC = YES;
				CLANG_ENABLE_OBJC_WEAK = YES;
				CLANG_WARN_BLOCK_CAPTURE_AUTORELEASING = YES;
				CLANG_WARN_BOOL_CONVERSION = YES;
				CLANG_WARN_COMMA = YES;
				CLANG_WARN_CONSTANT_CONVERSION = YES;
				CLANG_WARN_DEPRECATED_OBJC_IMPLEMENTATIONS = YES;
				CLANG_WARN_DIRECT_OBJC_ISA_USAGE = YES_ERROR;
				CLANG_WARN_DOCUMENTATION_COMMENTS = YES;
				CLANG_WARN_EMPTY_BODY = YES;
				CLANG_WARN_ENUM_CONVERSION = YES;
				CLANG_WARN_INFINITE_RECURSION = YES;
				CLANG_WARN_INT_CONVERSION = YES;
				CLANG_WARN_NON_LITERAL_NULL_CONVERSION = YES;
				CLANG_WARN_OBJC_IMPLICIT_RETAIN_SELF = YES;
				CLANG_WARN_OBJC_LITERAL_CONVERSION = YES;
				CLANG_WARN_OBJC_ROOT_CLASS = YES_ERROR;
				CLANG_WARN_QUOTED_INCLUDE_IN_FRAMEWORK_HEADER = YES;
				CLANG_WARN_RANGE_LOOP_ANALYSIS = YES;
				CLANG_WARN_STRICT_PROTOTYPES = YES;
				CLANG_WARN_SUSPICIOUS_MOVE = YES;
				CLANG_WARN_UNGUARDED_AVAILABILITY = YES_AGGRESSIVE;
				CLANG_WARN_UNREACHABLE_CODE = YES;
				CLANG_WARN__DUPLICATE_METHOD_MATCH = YES;
				COPY_PHASE_STRIP = NO;
				DEBUG_INFORMATION_FORMAT = dwarf;
				ENABLE_STRICT_OBJC_MSGSEND = YES;
				ENABLE_TESTABILITY = YES;
				GCC_C_LANGUAGE_STANDARD = gnu11;
				GCC_DYNAMIC_NO_PIC = NO;
				GCC_NO_COMMON_BLOCKS = YES;
				GCC_OPTIMIZATION_LEVEL = 0;
				GCC_PREPROCESSOR_DEFINITIONS = (
					"DEBUG=1",
					"$(inherited)",
				);
				GCC_WARN_64_TO_32_BIT_CONVERSION = YES;
				GCC_WARN_ABOUT_RETURN_TYPE = YES_ERROR;
				GCC_WARN_UNDECLARED_SELECTOR = YES;
				GCC_WARN_UNINITIALIZED_AUTOS = YES_AGGRESSIVE;
				GCC_WARN_UNUSED_FUNCTION = YES;
				GCC_WARN_UNUSED_VARIABLE = YES;
				IPHONEOS_DEPLOYMENT_TARGET = 14.1;
				MTL_ENABLE_DEBUG_INFO = INCLUDE_SOURCE;
				MTL_FAST_MATH = YES;
				ONLY_ACTIVE_ARCH = YES;
				SDKROOT = iphoneos;
				SWIFT_ACTIVE_COMPILATION_CONDITIONS = DEBUG;
				SWIFT_OPTIMIZATION_LEVEL = "-Onone";
			};
			name = Debug;
		};
		594B4A3625544FBC008BD9F9 /* Release */ = {
			isa = XCBuildConfiguration;
			buildSettings = {
				ALWAYS_SEARCH_USER_PATHS = NO;
				CLANG_ANALYZER_NONNULL = YES;
				CLANG_ANALYZER_NUMBER_OBJECT_CONVERSION = YES_AGGRESSIVE;
				CLANG_CXX_LANGUAGE_STANDARD = "gnu++14";
				CLANG_CXX_LIBRARY = "libc++";
				CLANG_ENABLE_MODULES = YES;
				CLANG_ENABLE_OBJC_ARC = YES;
				CLANG_ENABLE_OBJC_WEAK = YES;
				CLANG_WARN_BLOCK_CAPTURE_AUTORELEASING = YES;
				CLANG_WARN_BOOL_CONVERSION = YES;
				CLANG_WARN_COMMA = YES;
				CLANG_WARN_CONSTANT_CONVERSION = YES;
				CLANG_WARN_DEPRECATED_OBJC_IMPLEMENTATIONS = YES;
				CLANG_WARN_DIRECT_OBJC_ISA_USAGE = YES_ERROR;
				CLANG_WARN_DOCUMENTATION_COMMENTS = YES;
				CLANG_WARN_EMPTY_BODY = YES;
				CLANG_WARN_ENUM_CONVERSION = YES;
				CLANG_WARN_INFINITE_RECURSION = YES;
				CLANG_WARN_INT_CONVERSION = YES;
				CLANG_WARN_NON_LITERAL_NULL_CONVERSION = YES;
				CLANG_WARN_OBJC_IMPLICIT_RETAIN_SELF = YES;
				CLANG_WARN_OBJC_LITERAL_CONVERSION = YES;
				CLANG_WARN_OBJC_ROOT_CLASS = YES_ERROR;
				CLANG_WARN_QUOTED_INCLUDE_IN_FRAMEWORK_HEADER = YES;
				CLANG_WARN_RANGE_LOOP_ANALYSIS = YES;
				CLANG_WARN_STRICT_PROTOTYPES = YES;
				CLANG_WARN_SUSPICIOUS_MOVE = YES;
				CLANG_WARN_UNGUARDED_AVAILABILITY = YES_AGGRESSIVE;
				CLANG_WARN_UNREACHABLE_CODE = YES;
				CLANG_WARN__DUPLICATE_METHOD_MATCH = YES;
				COPY_PHASE_STRIP = NO;
				DEBUG_INFORMATION_FORMAT = "dwarf-with-dsym";
				ENABLE_NS_ASSERTIONS = NO;
				ENABLE_STRICT_OBJC_MSGSEND = YES;
				GCC_C_LANGUAGE_STANDARD = gnu11;
				GCC_NO_COMMON_BLOCKS = YES;
				GCC_WARN_64_TO_32_BIT_CONVERSION = YES;
				GCC_WARN_ABOUT_RETURN_TYPE = YES_ERROR;
				GCC_WARN_UNDECLARED_SELECTOR = YES;
				GCC_WARN_UNINITIALIZED_AUTOS = YES_AGGRESSIVE;
				GCC_WARN_UNUSED_FUNCTION = YES;
				GCC_WARN_UNUSED_VARIABLE = YES;
				IPHONEOS_DEPLOYMENT_TARGET = 14.1;
				MTL_ENABLE_DEBUG_INFO = NO;
				MTL_FAST_MATH = YES;
				SDKROOT = iphoneos;
				SWIFT_COMPILATION_MODE = wholemodule;
				SWIFT_OPTIMIZATION_LEVEL = "-O";
				VALIDATE_PRODUCT = YES;
			};
			name = Release;
		};
		594B4A3825544FBC008BD9F9 /* Debug */ = {
			isa = XCBuildConfiguration;
			baseConfigurationReference = 6FEE420514297E74090C5269 /* Pods-To-Do.debug.xcconfig */;
			buildSettings = {
				ASSETCATALOG_COMPILER_APPICON_NAME = AppIcon;
				ASSETCATALOG_COMPILER_GLOBAL_ACCENT_COLOR_NAME = AccentColor;
				CODE_SIGN_STYLE = Automatic;
				DEVELOPMENT_TEAM = N7LQ7SGL23;
				INFOPLIST_FILE = "To-Do/Info.plist";
				IPHONEOS_DEPLOYMENT_TARGET = 13.0;
				LD_RUNPATH_SEARCH_PATHS = (
					"$(inherited)",
					"@executable_path/Frameworks",
				);
				PRODUCT_BUNDLE_IDENTIFIER = "com.mozz.To-Do";
				PRODUCT_NAME = "$(TARGET_NAME)";
				SWIFT_VERSION = 5.0;
				TARGETED_DEVICE_FAMILY = "1,2";
			};
			name = Debug;
		};
		594B4A3925544FBC008BD9F9 /* Release */ = {
			isa = XCBuildConfiguration;
			baseConfigurationReference = D127183C8C2B9869DC6EB430 /* Pods-To-Do.release.xcconfig */;
			buildSettings = {
				ASSETCATALOG_COMPILER_APPICON_NAME = AppIcon;
				ASSETCATALOG_COMPILER_GLOBAL_ACCENT_COLOR_NAME = AccentColor;
				CODE_SIGN_STYLE = Automatic;
				DEVELOPMENT_TEAM = N7LQ7SGL23;
				INFOPLIST_FILE = "To-Do/Info.plist";
				IPHONEOS_DEPLOYMENT_TARGET = 13.0;
				LD_RUNPATH_SEARCH_PATHS = (
					"$(inherited)",
					"@executable_path/Frameworks",
				);
				PRODUCT_BUNDLE_IDENTIFIER = "com.mozz.To-Do";
				PRODUCT_NAME = "$(TARGET_NAME)";
				SWIFT_VERSION = 5.0;
				TARGETED_DEVICE_FAMILY = "1,2";
			};
			name = Release;
		};
/* End XCBuildConfiguration section */

/* Begin XCConfigurationList section */
		594B4A1E25544FB8008BD9F9 /* Build configuration list for PBXProject "To-Do" */ = {
			isa = XCConfigurationList;
			buildConfigurations = (
				594B4A3525544FBC008BD9F9 /* Debug */,
				594B4A3625544FBC008BD9F9 /* Release */,
			);
			defaultConfigurationIsVisible = 0;
			defaultConfigurationName = Release;
		};
		594B4A3725544FBC008BD9F9 /* Build configuration list for PBXNativeTarget "To-Do" */ = {
			isa = XCConfigurationList;
			buildConfigurations = (
				594B4A3825544FBC008BD9F9 /* Debug */,
				594B4A3925544FBC008BD9F9 /* Release */,
			);
			defaultConfigurationIsVisible = 0;
			defaultConfigurationName = Release;
		};
/* End XCConfigurationList section */

/* Begin XCVersionGroup section */
		59F9382B255779E5007DADF5 /* DataModel.xcdatamodeld */ = {
			isa = XCVersionGroup;
			children = (
				59F9382C255779E5007DADF5 /* Items.xcdatamodel */,
			);
			currentVersion = 59F9382C255779E5007DADF5 /* Items.xcdatamodel */;
			path = DataModel.xcdatamodeld;
			sourceTree = "<group>";
			versionGroupType = wrapper.xcdatamodel;
		};
/* End XCVersionGroup section */
	};
	rootObject = 594B4A1B25544FB8008BD9F9 /* Project object */;
}
